
Microsoft Visual Studio Solution File, Format Version 12.00
# Visual Studio Version 17
VisualStudioVersion = 17.0.32014.148
MinimumVisualStudioVersion = 10.0.40219.1
Project("{9A19103F-16F7-4668-BE54-9A1E7A4F7556}") = "myApp", "myApp\myApp.csproj", "{D14FBD5D-323A-4477-A8A1-0BFB86E49EE5}"
EndProject
Project("{151D2E53-A2C4-4D7D-83FE-D05416EBD58E}") = "arm", "deploy\arm\arm.deployproj", "{4C18BC93-4A2A-461A-A61F-A63084E30EC8}"
EndProject
Global
	GlobalSection(SolutionConfigurationPlatforms) = preSolution
		Debug|Any CPU = Debug|Any CPU
		Release|Any CPU = Release|Any CPU
	EndGlobalSection
	GlobalSection(ProjectConfigurationPlatforms) = postSolution
		{D14FBD5D-323A-4477-A8A1-0BFB86E49EE5}.Debug|Any CPU.ActiveCfg = Debug|Any CPU
		{D14FBD5D-323A-4477-A8A1-0BFB86E49EE5}.Debug|Any CPU.Build.0 = Debug|Any CPU
		{D14FBD5D-323A-4477-A8A1-0BFB86E49EE5}.Release|Any CPU.ActiveCfg = Release|Any CPU
		{D14FBD5D-323A-4477-A8A1-0BFB86E49EE5}.Release|Any CPU.Build.0 = Release|Any CPU
		{4C18BC93-4A2A-461A-A61F-A63084E30EC8}.Debug|Any CPU.ActiveCfg = Debug|Any CPU
		{4C18BC93-4A2A-461A-A61F-A63084E30EC8}.Debug|Any CPU.Build.0 = Debug|Any CPU
		{4C18BC93-4A2A-461A-A61F-A63084E30EC8}.Release|Any CPU.ActiveCfg = Release|Any CPU
		{4C18BC93-4A2A-461A-A61F-A63084E30EC8}.Release|Any CPU.Build.0 = Release|Any CPU
	EndGlobalSection
	GlobalSection(SolutionProperties) = preSolution
		HideSolutionNode = FALSE
	EndGlobalSection
	GlobalSection(ExtensibilityGlobals) = postSolution
		SolutionGuid = {B15F17A3-5278-4F40-B9CF-143C549C7D10}
	EndGlobalSection
EndGlobal
